
Microsoft Visual Studio Solution File, Format Version 12.00
# Visual Studio Version 17
VisualStudioVersion = 17.6.33723.286
MinimumVisualStudioVersion = 10.0.40219.1
Project("{FAE04EC0-301F-11D3-BF4B-00C04F79EFBC}") = "WorkerServicePipiline", "WorkerServicePipiline\WorkerServicePipiline.csproj", "{24938A08-E4DA-471A-8CA6-4DC41AA1B60B}"
EndProject
Global
	GlobalSection(SolutionConfigurationPlatforms) = preSolution
		Debug|Any CPU = Debug|Any CPU
		Release|Any CPU = Release|Any CPU
	EndGlobalSection
	GlobalSection(ProjectConfigurationPlatforms) = postSolution
		{24938A08-E4DA-471A-8CA6-4DC41AA1B60B}.Debug|Any CPU.ActiveCfg = Debug|Any CPU
		{24938A08-E4DA-471A-8CA6-4DC41AA1B60B}.Debug|Any CPU.Build.0 = Debug|Any CPU
		{24938A08-E4DA-471A-8CA6-4DC41AA1B60B}.Release|Any CPU.ActiveCfg = Release|Any CPU
		{24938A08-E4DA-471A-8CA6-4DC41AA1B60B}.Release|Any CPU.Build.0 = Release|Any CPU
	EndGlobalSection
	GlobalSection(SolutionProperties) = preSolution
		HideSolutionNode = FALSE
	EndGlobalSection
	GlobalSection(ExtensibilityGlobals) = postSolution
		SolutionGuid = {3F001E20-D6F6-461E-965F-CDAE414E5E53}
	EndGlobalSection
EndGlobal
